
Microsoft Visual Studio Solution File, Format Version 12.00
# Visual Studio Version 16
VisualStudioVersion = 16.0.29306.81
MinimumVisualStudioVersion = 10.0.40219.1
Project("{FAE04EC0-301F-11D3-BF4B-00C04F79EFBC}") = "WpfHelloWorldGui", "WpfHelloWorldGui\WpfHelloWorldGui.csproj", "{EC080B9C-AE9B-440E-9764-22D5B3928D17}"
EndProject
Global
	GlobalSection(SolutionConfigurationPlatforms) = preSolution
		Debug|Any CPU = Debug|Any CPU
		Release|Any CPU = Release|Any CPU
	EndGlobalSection
	GlobalSection(ProjectConfigurationPlatforms) = postSolution
		{EC080B9C-AE9B-440E-9764-22D5B3928D17}.Debug|Any CPU.ActiveCfg = Debug|Any CPU
		{EC080B9C-AE9B-440E-9764-22D5B3928D17}.Debug|Any CPU.Build.0 = Debug|Any CPU
		{EC080B9C-AE9B-440E-9764-22D5B3928D17}.Release|Any CPU.ActiveCfg = Release|Any CPU
		{EC080B9C-AE9B-440E-9764-22D5B3928D17}.Release|Any CPU.Build.0 = Release|Any CPU
	EndGlobalSection
	GlobalSection(SolutionProperties) = preSolution
		HideSolutionNode = FALSE
	EndGlobalSection
	GlobalSection(ExtensibilityGlobals) = postSolution
		SolutionGuid = {F8D8D9A5-1A7B-4217-B708-B0482C684587}
	EndGlobalSection
EndGlobal
